
Microsoft Visual Studio Solution File, Format Version 12.00
# Visual Studio Version 17
VisualStudioVersion = 17.0.31903.59
MinimumVisualStudioVersion = 10.0.40219.1
Project("{FAE04EC0-301F-11D3-BF4B-00C04F79EFBC}") = "MyBatis.NET", "MyBatis.NET.csproj", "{8B5E6B3A-1234-4567-89AB-CDEF01234567}"
EndProject
Project("{FAE04EC0-301F-11D3-BF4B-00C04F79EFBC}") = "MyBatis.NET.Tests", "Tests\MyBatis.NET.Tests.csproj", "{9C6F7C4B-2345-5678-9ABC-DEF012345678}"
EndProject
Project("{FAE04EC0-301F-11D3-BF4B-00C04F79EFBC}") = "MyBatis.ConsoleTest", "MyBatis.ConsoleTest\MyBatis.ConsoleTest.csproj", "{69A8DDA5-0044-42ED-BEBA-3EFE6670596F}"
EndProject
Project("{2150E333-8FDC-42A3-9474-1A3956D46DE8}") = "Tools", "Tools", "{07C2787E-EAC7-C090-1BA3-A61EC2A24D84}"
EndProject
Project("{FAE04EC0-301F-11D3-BF4B-00C04F79EFBC}") = "MyBatis.Tools", "Tools\MyBatis.Tools.csproj", "{39BF012A-E6CF-45BF-8CDC-C1F6CAB7B793}"
EndProject
Global
	GlobalSection(SolutionConfigurationPlatforms) = preSolution
		Debug|Any CPU = Debug|Any CPU
		Debug|x64 = Debug|x64
		Debug|x86 = Debug|x86
		Release|Any CPU = Release|Any CPU
		Release|x64 = Release|x64
		Release|x86 = Release|x86
	EndGlobalSection
	GlobalSection(ProjectConfigurationPlatforms) = postSolution
		{8B5E6B3A-1234-4567-89AB-CDEF01234567}.Debug|Any CPU.ActiveCfg = Debug|Any CPU
		{8B5E6B3A-1234-4567-89AB-CDEF01234567}.Debug|Any CPU.Build.0 = Debug|Any CPU
		{8B5E6B3A-1234-4567-89AB-CDEF01234567}.Debug|x64.ActiveCfg = Debug|Any CPU
		{8B5E6B3A-1234-4567-89AB-CDEF01234567}.Debug|x64.Build.0 = Debug|Any CPU
		{8B5E6B3A-1234-4567-89AB-CDEF01234567}.Debug|x86.ActiveCfg = Debug|Any CPU
		{8B5E6B3A-1234-4567-89AB-CDEF01234567}.Debug|x86.Build.0 = Debug|Any CPU
		{8B5E6B3A-1234-4567-89AB-CDEF01234567}.Release|Any CPU.ActiveCfg = Release|Any CPU
		{8B5E6B3A-1234-4567-89AB-CDEF01234567}.Release|Any CPU.Build.0 = Release|Any CPU
		{8B5E6B3A-1234-4567-89AB-CDEF01234567}.Release|x64.ActiveCfg = Release|Any CPU
		{8B5E6B3A-1234-4567-89AB-CDEF01234567}.Release|x64.Build.0 = Release|Any CPU
		{8B5E6B3A-1234-4567-89AB-CDEF01234567}.Release|x86.ActiveCfg = Release|Any CPU
		{8B5E6B3A-1234-4567-89AB-CDEF01234567}.Release|x86.Build.0 = Release|Any CPU
		{9C6F7C4B-2345-5678-9ABC-DEF012345678}.Debug|Any CPU.ActiveCfg = Debug|Any CPU
		{9C6F7C4B-2345-5678-9ABC-DEF012345678}.Debug|Any CPU.Build.0 = Debug|Any CPU
		{9C6F7C4B-2345-5678-9ABC-DEF012345678}.Debug|x64.ActiveCfg = Debug|Any CPU
		{9C6F7C4B-2345-5678-9ABC-DEF012345678}.Debug|x64.Build.0 = Debug|Any CPU
		{9C6F7C4B-2345-5678-9ABC-DEF012345678}.Debug|x86.ActiveCfg = Debug|Any CPU
		{9C6F7C4B-2345-5678-9ABC-DEF012345678}.Debug|x86.Build.0 = Debug|Any CPU
		{9C6F7C4B-2345-5678-9ABC-DEF012345678}.Release|Any CPU.ActiveCfg = Release|Any CPU
		{9C6F7C4B-2345-5678-9ABC-DEF012345678}.Release|Any CPU.Build.0 = Release|Any CPU
		{9C6F7C4B-2345-5678-9ABC-DEF012345678}.Release|x64.ActiveCfg = Release|Any CPU
		{9C6F7C4B-2345-5678-9ABC-DEF012345678}.Release|x64.Build.0 = Release|Any CPU
		{9C6F7C4B-2345-5678-9ABC-DEF012345678}.Release|x86.ActiveCfg = Release|Any CPU
		{9C6F7C4B-2345-5678-9ABC-DEF012345678}.Release|x86.Build.0 = Release|Any CPU
		{69A8DDA5-0044-42ED-BEBA-3EFE6670596F}.Debug|Any CPU.ActiveCfg = Debug|Any CPU
		{69A8DDA5-0044-42ED-BEBA-3EFE6670596F}.Debug|Any CPU.Build.0 = Debug|Any CPU
		{69A8DDA5-0044-42ED-BEBA-3EFE6670596F}.Debug|x64.ActiveCfg = Debug|Any CPU
		{69A8DDA5-0044-42ED-BEBA-3EFE6670596F}.Debug|x64.Build.0 = Debug|Any CPU
		{69A8DDA5-0044-42ED-BEBA-3EFE6670596F}.Debug|x86.ActiveCfg = Debug|Any CPU
		{69A8DDA5-0044-42ED-BEBA-3EFE6670596F}.Debug|x86.Build.0 = Debug|Any CPU
		{69A8DDA5-0044-42ED-BEBA-3EFE6670596F}.Release|Any CPU.ActiveCfg = Release|Any CPU
		{69A8DDA5-0044-42ED-BEBA-3EFE6670596F}.Release|Any CPU.Build.0 = Release|Any CPU
		{69A8DDA5-0044-42ED-BEBA-3EFE6670596F}.Release|x64.ActiveCfg = Release|Any CPU
		{69A8DDA5-0044-42ED-BEBA-3EFE6670596F}.Release|x64.Build.0 = Release|Any CPU
		{69A8DDA5-0044-42ED-BEBA-3EFE6670596F}.Release|x86.ActiveCfg = Release|Any CPU
		{69A8DDA5-0044-42ED-BEBA-3EFE6670596F}.Release|x86.Build.0 = Release|Any CPU
		{39BF012A-E6CF-45BF-8CDC-C1F6CAB7B793}.Debug|Any CPU.ActiveCfg = Debug|Any CPU
		{39BF012A-E6CF-45BF-8CDC-C1F6CAB7B793}.Debug|Any CPU.Build.0 = Debug|Any CPU
		{39BF012A-E6CF-45BF-8CDC-C1F6CAB7B793}.Debug|x64.ActiveCfg = Debug|Any CPU
		{39BF012A-E6CF-45BF-8CDC-C1F6CAB7B793}.Debug|x64.Build.0 = Debug|Any CPU
		{39BF012A-E6CF-45BF-8CDC-C1F6CAB7B793}.Debug|x86.ActiveCfg = Debug|Any CPU
		{39BF012A-E6CF-45BF-8CDC-C1F6CAB7B793}.Debug|x86.Build.0 = Debug|Any CPU
		{39BF012A-E6CF-45BF-8CDC-C1F6CAB7B793}.Release|Any CPU.ActiveCfg = Release|Any CPU
		{39BF012A-E6CF-45BF-8CDC-C1F6CAB7B793}.Release|Any CPU.Build.0 = Release|Any CPU
		{39BF012A-E6CF-45BF-8CDC-C1F6CAB7B793}.Release|x64.ActiveCfg = Release|Any CPU
		{39BF012A-E6CF-45BF-8CDC-C1F6CAB7B793}.Release|x64.Build.0 = Release|Any CPU
		{39BF012A-E6CF-45BF-8CDC-C1F6CAB7B793}.Release|x86.ActiveCfg = Release|Any CPU
		{39BF012A-E6CF-45BF-8CDC-C1F6CAB7B793}.Release|x86.Build.0 = Release|Any CPU
	EndGlobalSection
	GlobalSection(SolutionProperties) = preSolution
		HideSolutionNode = FALSE
	EndGlobalSection
	GlobalSection(NestedProjects) = preSolution
		{39BF012A-E6CF-45BF-8CDC-C1F6CAB7B793} = {07C2787E-EAC7-C090-1BA3-A61EC2A24D84}
	EndGlobalSection
	GlobalSection(ExtensibilityGlobals) = postSolution
		SolutionGuid = {1A2B3C4D-5E6F-7A8B-9C0D-1E2F3A4B5C6D}
	EndGlobalSection
EndGlobal
